// !$*UTF8*$!
{
	archiveVersion = 1;
	classes = {
	};
	objectVersion = 56;
	objects = {

/* Begin PBXBuildFile section */
		E8F531172C4697BA0051D0D6 /* MoneyMentorApp.swift in Sources */ = {isa = PBXBuildFile; fileRef = E8F531162C4697BA0051D0D6 /* MoneyMentorApp.swift */; };
		E8F531192C4697BA0051D0D6 /* ContentView.swift in Sources */ = {isa = PBXBuildFile; fileRef = E8F531182C4697BA0051D0D6 /* ContentView.swift */; };
		E8F5311B2C4697C10051D0D6 /* Assets.xcassets in Resources */ = {isa = PBXBuildFile; fileRef = E8F5311A2C4697C10051D0D6 /* Assets.xcassets */; };
		E8F5311F2C4697C10051D0D6 /* Preview Assets.xcassets in Resources */ = {isa = PBXBuildFile; fileRef = E8F5311E2C4697C10051D0D6 /* Preview Assets.xcassets */; };
		E8F531262C4699130051D0D6 /* GoogleService-Info.plist in Resources */ = {isa = PBXBuildFile; fileRef = E8F531252C4699130051D0D6 /* GoogleService-Info.plist */; };
		E8F5312A2C4699B50051D0D6 /* FirebaseFirestore in Frameworks */ = {isa = PBXBuildFile; productRef = E8F531292C4699B50051D0D6 /* FirebaseFirestore */; };
		E8F5312C2C4699BF0051D0D6 /* FirebaseFirestoreSwift in Frameworks */ = {isa = PBXBuildFile; productRef = E8F5312B2C4699BF0051D0D6 /* FirebaseFirestoreSwift */; };
		E8F5312F2C469D670051D0D6 /* AppDelegate.swift in Sources */ = {isa = PBXBuildFile; fileRef = E8F5312E2C469D670051D0D6 /* AppDelegate.swift */; };
		E8F531322C46A0E50051D0D6 /* Category.swift in Sources */ = {isa = PBXBuildFile; fileRef = E8F531312C46A0E50051D0D6 /* Category.swift */; };
		E8F531342C46A1760051D0D6 /* ExpenseLog.swift in Sources */ = {isa = PBXBuildFile; fileRef = E8F531332C46A1760051D0D6 /* ExpenseLog.swift */; };
		E8F531362C46A2540051D0D6 /* Sort.swift in Sources */ = {isa = PBXBuildFile; fileRef = E8F531352C46A2540051D0D6 /* Sort.swift */; };
		E8F531392C46A2F60051D0D6 /* Utils.swift in Sources */ = {isa = PBXBuildFile; fileRef = E8F531382C46A2F60051D0D6 /* Utils.swift */; };
		E8F5313B2C46A3BE0051D0D6 /* Extensions.swift in Sources */ = {isa = PBXBuildFile; fileRef = E8F5313A2C46A3BE0051D0D6 /* Extensions.swift */; };
		E8F5313E2C46A4670051D0D6 /* DatabaseManager.swift in Sources */ = {isa = PBXBuildFile; fileRef = E8F5313D2C46A4670051D0D6 /* DatabaseManager.swift */; };
		E8F531432C46A7C50051D0D6 /* LogListViewModel.swift in Sources */ = {isa = PBXBuildFile; fileRef = E8F531422C46A7C50051D0D6 /* LogListViewModel.swift */; };
		E8F531462C46A88C0051D0D6 /* FilterCategoriesView.swift in Sources */ = {isa = PBXBuildFile; fileRef = E8F531452C46A88C0051D0D6 /* FilterCategoriesView.swift */; };
		E8F531482C46BE080051D0D6 /* SelectSortOrderView.swift in Sources */ = {isa = PBXBuildFile; fileRef = E8F531472C46BE080051D0D6 /* SelectSortOrderView.swift */; };
		E8F5314A2C46C4C00051D0D6 /* CategoryImageView.swift in Sources */ = {isa = PBXBuildFile; fileRef = E8F531492C46C4C00051D0D6 /* CategoryImageView.swift */; };
		E8F5314C2C46C5A60051D0D6 /* LogItemView.swift in Sources */ = {isa = PBXBuildFile; fileRef = E8F5314B2C46C5A50051D0D6 /* LogItemView.swift */; };
		E8F5314E2C46CC620051D0D6 /* LogListView.swift in Sources */ = {isa = PBXBuildFile; fileRef = E8F5314D2C46CC620051D0D6 /* LogListView.swift */; };
		E8F531502C46DAEA0051D0D6 /* LogLitContainerView.swift in Sources */ = {isa = PBXBuildFile; fileRef = E8F5314F2C46DAEA0051D0D6 /* LogLitContainerView.swift */; };
		E8F531522C46E7840051D0D6 /* LogFormViewModel.swift in Sources */ = {isa = PBXBuildFile; fileRef = E8F531512C46E7840051D0D6 /* LogFormViewModel.swift */; };
/* End PBXBuildFile section */

/* Begin PBXFileReference section */
		E8F531132C4697BA0051D0D6 /* MoneyMentor.app */ = {isa = PBXFileReference; explicitFileType = wrapper.application; includeInIndex = 0; path = MoneyMentor.app; sourceTree = BUILT_PRODUCTS_DIR; };
		E8F531162C4697BA0051D0D6 /* MoneyMentorApp.swift */ = {isa = PBXFileReference; lastKnownFileType = sourcecode.swift; path = MoneyMentorApp.swift; sourceTree = "<group>"; };
		E8F531182C4697BA0051D0D6 /* ContentView.swift */ = {isa = PBXFileReference; lastKnownFileType = sourcecode.swift; path = ContentView.swift; sourceTree = "<group>"; };
		E8F5311A2C4697C10051D0D6 /* Assets.xcassets */ = {isa = PBXFileReference; lastKnownFileType = folder.assetcatalog; path = Assets.xcassets; sourceTree = "<group>"; };
		E8F5311C2C4697C10051D0D6 /* MoneyMentor.entitlements */ = {isa = PBXFileReference; lastKnownFileType = text.plist.entitlements; path = MoneyMentor.entitlements; sourceTree = "<group>"; };
		E8F5311E2C4697C10051D0D6 /* Preview Assets.xcassets */ = {isa = PBXFileReference; lastKnownFileType = folder.assetcatalog; path = "Preview Assets.xcassets"; sourceTree = "<group>"; };
		E8F531252C4699130051D0D6 /* GoogleService-Info.plist */ = {isa = PBXFileReference; fileEncoding = 4; lastKnownFileType = text.plist.xml; path = "GoogleService-Info.plist"; sourceTree = "<group>"; };
		E8F5312D2C469A810051D0D6 /* Info.plist */ = {isa = PBXFileReference; lastKnownFileType = text.plist; path = Info.plist; sourceTree = "<group>"; };
		E8F5312E2C469D670051D0D6 /* AppDelegate.swift */ = {isa = PBXFileReference; lastKnownFileType = sourcecode.swift; path = AppDelegate.swift; sourceTree = "<group>"; };
		E8F531312C46A0E50051D0D6 /* Category.swift */ = {isa = PBXFileReference; lastKnownFileType = sourcecode.swift; path = Category.swift; sourceTree = "<group>"; };
		E8F531332C46A1760051D0D6 /* ExpenseLog.swift */ = {isa = PBXFileReference; lastKnownFileType = sourcecode.swift; path = ExpenseLog.swift; sourceTree = "<group>"; };
		E8F531352C46A2540051D0D6 /* Sort.swift */ = {isa = PBXFileReference; lastKnownFileType = sourcecode.swift; path = Sort.swift; sourceTree = "<group>"; };
		E8F531382C46A2F60051D0D6 /* Utils.swift */ = {isa = PBXFileReference; lastKnownFileType = sourcecode.swift; path = Utils.swift; sourceTree = "<group>"; };
		E8F5313A2C46A3BE0051D0D6 /* Extensions.swift */ = {isa = PBXFileReference; lastKnownFileType = sourcecode.swift; path = Extensions.swift; sourceTree = "<group>"; };
		E8F5313D2C46A4670051D0D6 /* DatabaseManager.swift */ = {isa = PBXFileReference; lastKnownFileType = sourcecode.swift; path = DatabaseManager.swift; sourceTree = "<group>"; };
		E8F531422C46A7C50051D0D6 /* LogListViewModel.swift */ = {isa = PBXFileReference; lastKnownFileType = sourcecode.swift; path = LogListViewModel.swift; sourceTree = "<group>"; };
		E8F531452C46A88C0051D0D6 /* FilterCategoriesView.swift */ = {isa = PBXFileReference; lastKnownFileType = sourcecode.swift; path = FilterCategoriesView.swift; sourceTree = "<group>"; };
		E8F531472C46BE080051D0D6 /* SelectSortOrderView.swift */ = {isa = PBXFileReference; lastKnownFileType = sourcecode.swift; path = SelectSortOrderView.swift; sourceTree = "<group>"; };
		E8F531492C46C4C00051D0D6 /* CategoryImageView.swift */ = {isa = PBXFileReference; lastKnownFileType = sourcecode.swift; path = CategoryImageView.swift; sourceTree = "<group>"; };
		E8F5314B2C46C5A50051D0D6 /* LogItemView.swift */ = {isa = PBXFileReference; lastKnownFileType = sourcecode.swift; path = LogItemView.swift; sourceTree = "<group>"; };
		E8F5314D2C46CC620051D0D6 /* LogListView.swift */ = {isa = PBXFileReference; lastKnownFileType = sourcecode.swift; path = LogListView.swift; sourceTree = "<group>"; };
		E8F5314F2C46DAEA0051D0D6 /* LogLitContainerView.swift */ = {isa = PBXFileReference; lastKnownFileType = sourcecode.swift; path = LogLitContainerView.swift; sourceTree = "<group>"; };
		E8F531512C46E7840051D0D6 /* LogFormViewModel.swift */ = {isa = PBXFileReference; lastKnownFileType = sourcecode.swift; path = LogFormViewModel.swift; sourceTree = "<group>"; };
/* End PBXFileReference section */

/* Begin PBXFrameworksBuildPhase section */
		E8F531102C4697BA0051D0D6 /* Frameworks */ = {
			isa = PBXFrameworksBuildPhase;
			buildActionMask = 2147483647;
			files = (
				E8F5312A2C4699B50051D0D6 /* FirebaseFirestore in Frameworks */,
				E8F5312C2C4699BF0051D0D6 /* FirebaseFirestoreSwift in Frameworks */,
			);
			runOnlyForDeploymentPostprocessing = 0;
		};
/* End PBXFrameworksBuildPhase section */

/* Begin PBXGroup section */
		E8F5310A2C4697BA0051D0D6 = {
			isa = PBXGroup;
			children = (
				E8F531152C4697BA0051D0D6 /* MoneyMentor */,
				E8F531142C4697BA0051D0D6 /* Products */,
				E8F531282C4699B50051D0D6 /* Frameworks */,
			);
			sourceTree = "<group>";
		};
		E8F531142C4697BA0051D0D6 /* Products */ = {
			isa = PBXGroup;
			children = (
				E8F531132C4697BA0051D0D6 /* MoneyMentor.app */,
			);
			name = Products;
			sourceTree = "<group>";
		};
		E8F531152C4697BA0051D0D6 /* MoneyMentor */ = {
			isa = PBXGroup;
			children = (
				E8F531442C46A8620051D0D6 /* Views */,
				E8F531412C46A7B50051D0D6 /* ViewModels */,
				E8F5313C2C46A45A0051D0D6 /* Managers */,
				E8F531372C46A2E00051D0D6 /* Utils */,
				E8F531302C46A0CC0051D0D6 /* Models */,
				E8F5312D2C469A810051D0D6 /* Info.plist */,
				E8F531162C4697BA0051D0D6 /* MoneyMentorApp.swift */,
				E8F5312E2C469D670051D0D6 /* AppDelegate.swift */,
				E8F531182C4697BA0051D0D6 /* ContentView.swift */,
				E8F5311A2C4697C10051D0D6 /* Assets.xcassets */,
				E8F5311C2C4697C10051D0D6 /* MoneyMentor.entitlements */,
				E8F531252C4699130051D0D6 /* GoogleService-Info.plist */,
				E8F5311D2C4697C10051D0D6 /* Preview Content */,
			);
			path = MoneyMentor;
			sourceTree = "<group>";
		};
		E8F5311D2C4697C10051D0D6 /* Preview Content */ = {
			isa = PBXGroup;
			children = (
				E8F5311E2C4697C10051D0D6 /* Preview Assets.xcassets */,
			);
			path = "Preview Content";
			sourceTree = "<group>";
		};
		E8F531282C4699B50051D0D6 /* Frameworks */ = {
			isa = PBXGroup;
			children = (
			);
			name = Frameworks;
			sourceTree = "<group>";
		};
		E8F531302C46A0CC0051D0D6 /* Models */ = {
			isa = PBXGroup;
			children = (
				E8F531312C46A0E50051D0D6 /* Category.swift */,
				E8F531332C46A1760051D0D6 /* ExpenseLog.swift */,
				E8F531352C46A2540051D0D6 /* Sort.swift */,
			);
			path = Models;
			sourceTree = "<group>";
		};
		E8F531372C46A2E00051D0D6 /* Utils */ = {
			isa = PBXGroup;
			children = (
				E8F531382C46A2F60051D0D6 /* Utils.swift */,
				E8F5313A2C46A3BE0051D0D6 /* Extensions.swift */,
			);
			path = Utils;
			sourceTree = "<group>";
		};
		E8F5313C2C46A45A0051D0D6 /* Managers */ = {
			isa = PBXGroup;
			children = (
				E8F5313D2C46A4670051D0D6 /* DatabaseManager.swift */,
			);
			path = Managers;
			sourceTree = "<group>";
		};
		E8F531412C46A7B50051D0D6 /* ViewModels */ = {
			isa = PBXGroup;
			children = (
				E8F531422C46A7C50051D0D6 /* LogListViewModel.swift */,
				E8F531512C46E7840051D0D6 /* LogFormViewModel.swift */,
			);
			path = ViewModels;
			sourceTree = "<group>";
		};
		E8F531442C46A8620051D0D6 /* Views */ = {
			isa = PBXGroup;
			children = (
				E8F531452C46A88C0051D0D6 /* FilterCategoriesView.swift */,
				E8F531472C46BE080051D0D6 /* SelectSortOrderView.swift */,
				E8F531492C46C4C00051D0D6 /* CategoryImageView.swift */,
				E8F5314B2C46C5A50051D0D6 /* LogItemView.swift */,
				E8F5314D2C46CC620051D0D6 /* LogListView.swift */,
				E8F5314F2C46DAEA0051D0D6 /* LogLitContainerView.swift */,
			);
			path = Views;
			sourceTree = "<group>";
		};
/* End PBXGroup section */

/* Begin PBXNativeTarget section */
		E8F531122C4697BA0051D0D6 /* MoneyMentor */ = {
			isa = PBXNativeTarget;
			buildConfigurationList = E8F531222C4697C10051D0D6 /* Build configuration list for PBXNativeTarget "MoneyMentor" */;
			buildPhases = (
				E8F5310F2C4697BA0051D0D6 /* Sources */,
				E8F531102C4697BA0051D0D6 /* Frameworks */,
				E8F531112C4697BA0051D0D6 /* Resources */,
			);
			buildRules = (
			);
			dependencies = (
			);
			name = MoneyMentor;
			packageProductDependencies = (
				E8F531292C4699B50051D0D6 /* FirebaseFirestore */,
				E8F5312B2C4699BF0051D0D6 /* FirebaseFirestoreSwift */,
			);
			productName = MoneyMentor;
			productReference = E8F531132C4697BA0051D0D6 /* MoneyMentor.app */;
			productType = "com.apple.product-type.application";
		};
/* End PBXNativeTarget section */

/* Begin PBXProject section */
		E8F5310B2C4697BA0051D0D6 /* Project object */ = {
			isa = PBXProject;
			attributes = {
				BuildIndependentTargetsInParallel = 1;
				LastSwiftUpdateCheck = 1540;
				LastUpgradeCheck = 1540;
				TargetAttributes = {
					E8F531122C4697BA0051D0D6 = {
						CreatedOnToolsVersion = 15.4;
					};
				};
			};
			buildConfigurationList = E8F5310E2C4697BA0051D0D6 /* Build configuration list for PBXProject "MoneyMentor" */;
			compatibilityVersion = "Xcode 14.0";
			developmentRegion = en;
			hasScannedForEncodings = 0;
			knownRegions = (
				en,
				Base,
			);
			mainGroup = E8F5310A2C4697BA0051D0D6;
			packageReferences = (
				E8F531272C46996B0051D0D6 /* XCRemoteSwiftPackageReference "firebase-ios-sdk" */,
			);
			productRefGroup = E8F531142C4697BA0051D0D6 /* Products */;
			projectDirPath = "";
			projectRoot = "";
			targets = (
				E8F531122C4697BA0051D0D6 /* MoneyMentor */,
			);
		};
/* End PBXProject section */

/* Begin PBXResourcesBuildPhase section */
		E8F531112C4697BA0051D0D6 /* Resources */ = {
			isa = PBXResourcesBuildPhase;
			buildActionMask = 2147483647;
			files = (
				E8F5311F2C4697C10051D0D6 /* Preview Assets.xcassets in Resources */,
				E8F531262C4699130051D0D6 /* GoogleService-Info.plist in Resources */,
				E8F5311B2C4697C10051D0D6 /* Assets.xcassets in Resources */,
			);
			runOnlyForDeploymentPostprocessing = 0;
		};
/* End PBXResourcesBuildPhase section */

/* Begin PBXSourcesBuildPhase section */
		E8F5310F2C4697BA0051D0D6 /* Sources */ = {
			isa = PBXSourcesBuildPhase;
			buildActionMask = 2147483647;
			files = (
				E8F531342C46A1760051D0D6 /* ExpenseLog.swift in Sources */,
				E8F531522C46E7840051D0D6 /* LogFormViewModel.swift in Sources */,
				E8F531462C46A88C0051D0D6 /* FilterCategoriesView.swift in Sources */,
				E8F5314C2C46C5A60051D0D6 /* LogItemView.swift in Sources */,
				E8F5312F2C469D670051D0D6 /* AppDelegate.swift in Sources */,
				E8F5314E2C46CC620051D0D6 /* LogListView.swift in Sources */,
				E8F531482C46BE080051D0D6 /* SelectSortOrderView.swift in Sources */,
				E8F531192C4697BA0051D0D6 /* ContentView.swift in Sources */,
				E8F5313B2C46A3BE0051D0D6 /* Extensions.swift in Sources */,
				E8F531392C46A2F60051D0D6 /* Utils.swift in Sources */,
				E8F531172C4697BA0051D0D6 /* MoneyMentorApp.swift in Sources */,
				E8F5314A2C46C4C00051D0D6 /* CategoryImageView.swift in Sources */,
				E8F531322C46A0E50051D0D6 /* Category.swift in Sources */,
				E8F531362C46A2540051D0D6 /* Sort.swift in Sources */,
				E8F531502C46DAEA0051D0D6 /* LogLitContainerView.swift in Sources */,
				E8F5313E2C46A4670051D0D6 /* DatabaseManager.swift in Sources */,
				E8F531432C46A7C50051D0D6 /* LogListViewModel.swift in Sources */,
			);
			runOnlyForDeploymentPostprocessing = 0;
		};
/* End PBXSourcesBuildPhase section */

/* Begin XCBuildConfiguration section */
		E8F531202C4697C10051D0D6 /* Debug */ = {
			isa = XCBuildConfiguration;
			buildSettings = {
				ALWAYS_SEARCH_USER_PATHS = NO;
				ASSETCATALOG_COMPILER_GENERATE_SWIFT_ASSET_SYMBOL_EXTENSIONS = YES;
				CLANG_ANALYZER_NONNULL = YES;
				CLANG_ANALYZER_NUMBER_OBJECT_CONVERSION = YES_AGGRESSIVE;
				CLANG_CXX_LANGUAGE_STANDARD = "gnu++20";
				CLANG_ENABLE_MODULES = YES;
				CLANG_ENABLE_OBJC_ARC = YES;
				CLANG_ENABLE_OBJC_WEAK = YES;
				CLANG_WARN_BLOCK_CAPTURE_AUTORELEASING = YES;
				CLANG_WARN_BOOL_CONVERSION = YES;
				CLANG_WARN_COMMA = YES;
				CLANG_WARN_CONSTANT_CONVERSION = YES;
				CLANG_WARN_DEPRECATED_OBJC_IMPLEMENTATIONS = YES;
				CLANG_WARN_DIRECT_OBJC_ISA_USAGE = YES_ERROR;
				CLANG_WARN_DOCUMENTATION_COMMENTS = YES;
				CLANG_WARN_EMPTY_BODY = YES;
				CLANG_WARN_ENUM_CONVERSION = YES;
				CLANG_WARN_INFINITE_RECURSION = YES;
				CLANG_WARN_INT_CONVERSION = YES;
				CLANG_WARN_NON_LITERAL_NULL_CONVERSION = YES;
				CLANG_WARN_OBJC_IMPLICIT_RETAIN_SELF = YES;
				CLANG_WARN_OBJC_LITERAL_CONVERSION = YES;
				CLANG_WARN_OBJC_ROOT_CLASS = YES_ERROR;
				CLANG_WARN_QUOTED_INCLUDE_IN_FRAMEWORK_HEADER = YES;
				CLANG_WARN_RANGE_LOOP_ANALYSIS = YES;
				CLANG_WARN_STRICT_PROTOTYPES = YES;
				CLANG_WARN_SUSPICIOUS_MOVE = YES;
				CLANG_WARN_UNGUARDED_AVAILABILITY = YES_AGGRESSIVE;
				CLANG_WARN_UNREACHABLE_CODE = YES;
				CLANG_WARN__DUPLICATE_METHOD_MATCH = YES;
				COPY_PHASE_STRIP = NO;
				DEBUG_INFORMATION_FORMAT = dwarf;
				ENABLE_STRICT_OBJC_MSGSEND = YES;
				ENABLE_TESTABILITY = YES;
				ENABLE_USER_SCRIPT_SANDBOXING = YES;
				GCC_C_LANGUAGE_STANDARD = gnu17;
				GCC_DYNAMIC_NO_PIC = NO;
				GCC_NO_COMMON_BLOCKS = YES;
				GCC_OPTIMIZATION_LEVEL = 0;
				GCC_PREPROCESSOR_DEFINITIONS = (
					"DEBUG=1",
					"$(inherited)",
				);
				GCC_WARN_64_TO_32_BIT_CONVERSION = YES;
				GCC_WARN_ABOUT_RETURN_TYPE = YES_ERROR;
				GCC_WARN_UNDECLARED_SELECTOR = YES;
				GCC_WARN_UNINITIALIZED_AUTOS = YES_AGGRESSIVE;
				GCC_WARN_UNUSED_FUNCTION = YES;
				GCC_WARN_UNUSED_VARIABLE = YES;
				LOCALIZATION_PREFERS_STRING_CATALOGS = YES;
				MTL_ENABLE_DEBUG_INFO = INCLUDE_SOURCE;
				MTL_FAST_MATH = YES;
				ONLY_ACTIVE_ARCH = YES;
				SWIFT_ACTIVE_COMPILATION_CONDITIONS = "DEBUG $(inherited)";
				SWIFT_OPTIMIZATION_LEVEL = "-Onone";
			};
			name = Debug;
		};
		E8F531212C4697C10051D0D6 /* Release */ = {
			isa = XCBuildConfiguration;
			buildSettings = {
				ALWAYS_SEARCH_USER_PATHS = NO;
				ASSETCATALOG_COMPILER_GENERATE_SWIFT_ASSET_SYMBOL_EXTENSIONS = YES;
				CLANG_ANALYZER_NONNULL = YES;
				CLANG_ANALYZER_NUMBER_OBJECT_CONVERSION = YES_AGGRESSIVE;
				CLANG_CXX_LANGUAGE_STANDARD = "gnu++20";
				CLANG_ENABLE_MODULES = YES;
				CLANG_ENABLE_OBJC_ARC = YES;
				CLANG_ENABLE_OBJC_WEAK = YES;
				CLANG_WARN_BLOCK_CAPTURE_AUTORELEASING = YES;
				CLANG_WARN_BOOL_CONVERSION = YES;
				CLANG_WARN_COMMA = YES;
				CLANG_WARN_CONSTANT_CONVERSION = YES;
				CLANG_WARN_DEPRECATED_OBJC_IMPLEMENTATIONS = YES;
				CLANG_WARN_DIRECT_OBJC_ISA_USAGE = YES_ERROR;
				CLANG_WARN_DOCUMENTATION_COMMENTS = YES;
				CLANG_WARN_EMPTY_BODY = YES;
				CLANG_WARN_ENUM_CONVERSION = YES;
				CLANG_WARN_INFINITE_RECURSION = YES;
				CLANG_WARN_INT_CONVERSION = YES;
				CLANG_WARN_NON_LITERAL_NULL_CONVERSION = YES;
				CLANG_WARN_OBJC_IMPLICIT_RETAIN_SELF = YES;
				CLANG_WARN_OBJC_LITERAL_CONVERSION = YES;
				CLANG_WARN_OBJC_ROOT_CLASS = YES_ERROR;
				CLANG_WARN_QUOTED_INCLUDE_IN_FRAMEWORK_HEADER = YES;
				CLANG_WARN_RANGE_LOOP_ANALYSIS = YES;
				CLANG_WARN_STRICT_PROTOTYPES = YES;
				CLANG_WARN_SUSPICIOUS_MOVE = YES;
				CLANG_WARN_UNGUARDED_AVAILABILITY = YES_AGGRESSIVE;
				CLANG_WARN_UNREACHABLE_CODE = YES;
				CLANG_WARN__DUPLICATE_METHOD_MATCH = YES;
				COPY_PHASE_STRIP = NO;
				DEBUG_INFORMATION_FORMAT = "dwarf-with-dsym";
				ENABLE_NS_ASSERTIONS = NO;
				ENABLE_STRICT_OBJC_MSGSEND = YES;
				ENABLE_USER_SCRIPT_SANDBOXING = YES;
				GCC_C_LANGUAGE_STANDARD = gnu17;
				GCC_NO_COMMON_BLOCKS = YES;
				GCC_WARN_64_TO_32_BIT_CONVERSION = YES;
				GCC_WARN_ABOUT_RETURN_TYPE = YES_ERROR;
				GCC_WARN_UNDECLARED_SELECTOR = YES;
				GCC_WARN_UNINITIALIZED_AUTOS = YES_AGGRESSIVE;
				GCC_WARN_UNUSED_FUNCTION = YES;
				GCC_WARN_UNUSED_VARIABLE = YES;
				LOCALIZATION_PREFERS_STRING_CATALOGS = YES;
				MTL_ENABLE_DEBUG_INFO = NO;
				MTL_FAST_MATH = YES;
				SWIFT_COMPILATION_MODE = wholemodule;
			};
			name = Release;
		};
		E8F531232C4697C10051D0D6 /* Debug */ = {
			isa = XCBuildConfiguration;
			buildSettings = {
				ASSETCATALOG_COMPILER_APPICON_NAME = AppIcon;
				ASSETCATALOG_COMPILER_GLOBAL_ACCENT_COLOR_NAME = AccentColor;
				CODE_SIGN_ENTITLEMENTS = MoneyMentor/MoneyMentor.entitlements;
				CODE_SIGN_STYLE = Automatic;
				CURRENT_PROJECT_VERSION = 1;
				DEVELOPMENT_ASSET_PATHS = "\"MoneyMentor/Preview Content\"";
				DEVELOPMENT_TEAM = 9ZR9YLQLYW;
				ENABLE_HARDENED_RUNTIME = YES;
				ENABLE_PREVIEWS = YES;
				GENERATE_INFOPLIST_FILE = YES;
				INFOPLIST_FILE = MoneyMentor/Info.plist;
				INFOPLIST_KEY_LSApplicationCategoryType = "";
				"INFOPLIST_KEY_UIApplicationSceneManifest_Generation[sdk=iphoneos*]" = YES;
				"INFOPLIST_KEY_UIApplicationSceneManifest_Generation[sdk=iphonesimulator*]" = YES;
				"INFOPLIST_KEY_UIApplicationSupportsIndirectInputEvents[sdk=iphoneos*]" = YES;
				"INFOPLIST_KEY_UIApplicationSupportsIndirectInputEvents[sdk=iphonesimulator*]" = YES;
				"INFOPLIST_KEY_UILaunchScreen_Generation[sdk=iphoneos*]" = YES;
				"INFOPLIST_KEY_UILaunchScreen_Generation[sdk=iphonesimulator*]" = YES;
				"INFOPLIST_KEY_UIStatusBarStyle[sdk=iphoneos*]" = UIStatusBarStyleDefault;
				"INFOPLIST_KEY_UIStatusBarStyle[sdk=iphonesimulator*]" = UIStatusBarStyleDefault;
				INFOPLIST_KEY_UISupportedInterfaceOrientations_iPad = "UIInterfaceOrientationPortrait UIInterfaceOrientationPortraitUpsideDown UIInterfaceOrientationLandscapeLeft UIInterfaceOrientationLandscapeRight";
				INFOPLIST_KEY_UISupportedInterfaceOrientations_iPhone = "UIInterfaceOrientationPortrait UIInterfaceOrientationLandscapeLeft UIInterfaceOrientationLandscapeRight";
				IPHONEOS_DEPLOYMENT_TARGET = 17.5;
				LD_RUNPATH_SEARCH_PATHS = "@executable_path/Frameworks";
				"LD_RUNPATH_SEARCH_PATHS[sdk=macosx*]" = "@executable_path/../Frameworks";
				MACOSX_DEPLOYMENT_TARGET = 14.5;
				MARKETING_VERSION = 1.0;
				PRODUCT_BUNDLE_IDENTIFIER = com.rabieHs.MoneyMentor;
				PRODUCT_NAME = "$(TARGET_NAME)";
				SDKROOT = auto;
				SUPPORTED_PLATFORMS = "iphoneos iphonesimulator macosx";
				SWIFT_EMIT_LOC_STRINGS = YES;
				SWIFT_VERSION = 5.0;
				TARGETED_DEVICE_FAMILY = "1,2";
			};
			name = Debug;
		};
		E8F531242C4697C10051D0D6 /* Release */ = {
			isa = XCBuildConfiguration;
			buildSettings = {
				ASSETCATALOG_COMPILER_APPICON_NAME = AppIcon;
				ASSETCATALOG_COMPILER_GLOBAL_ACCENT_COLOR_NAME = AccentColor;
				CODE_SIGN_ENTITLEMENTS = MoneyMentor/MoneyMentor.entitlements;
				CODE_SIGN_STYLE = Automatic;
				CURRENT_PROJECT_VERSION = 1;
				DEVELOPMENT_ASSET_PATHS = "\"MoneyMentor/Preview Content\"";
				DEVELOPMENT_TEAM = 9ZR9YLQLYW;
				ENABLE_HARDENED_RUNTIME = YES;
				ENABLE_PREVIEWS = YES;
				GENERATE_INFOPLIST_FILE = YES;
				INFOPLIST_FILE = MoneyMentor/Info.plist;
				INFOPLIST_KEY_LSApplicationCategoryType = "";
				"INFOPLIST_KEY_UIApplicationSceneManifest_Generation[sdk=iphoneos*]" = YES;
				"INFOPLIST_KEY_UIApplicationSceneManifest_Generation[sdk=iphonesimulator*]" = YES;
				"INFOPLIST_KEY_UIApplicationSupportsIndirectInputEvents[sdk=iphoneos*]" = YES;
				"INFOPLIST_KEY_UIApplicationSupportsIndirectInputEvents[sdk=iphonesimulator*]" = YES;
				"INFOPLIST_KEY_UILaunchScreen_Generation[sdk=iphoneos*]" = YES;
				"INFOPLIST_KEY_UILaunchScreen_Generation[sdk=iphonesimulator*]" = YES;
				"INFOPLIST_KEY_UIStatusBarStyle[sdk=iphoneos*]" = UIStatusBarStyleDefault;
				"INFOPLIST_KEY_UIStatusBarStyle[sdk=iphonesimulator*]" = UIStatusBarStyleDefault;
				INFOPLIST_KEY_UISupportedInterfaceOrientations_iPad = "UIInterfaceOrientationPortrait UIInterfaceOrientationPortraitUpsideDown UIInterfaceOrientationLandscapeLeft UIInterfaceOrientationLandscapeRight";
				INFOPLIST_KEY_UISupportedInterfaceOrientations_iPhone = "UIInterfaceOrientationPortrait UIInterfaceOrientationLandscapeLeft UIInterfaceOrientationLandscapeRight";
				IPHONEOS_DEPLOYMENT_TARGET = 17.5;
				LD_RUNPATH_SEARCH_PATHS = "@executable_path/Frameworks";
				"LD_RUNPATH_SEARCH_PATHS[sdk=macosx*]" = "@executable_path/../Frameworks";
				MACOSX_DEPLOYMENT_TARGET = 14.5;
				MARKETING_VERSION = 1.0;
				PRODUCT_BUNDLE_IDENTIFIER = com.rabieHs.MoneyMentor;
				PRODUCT_NAME = "$(TARGET_NAME)";
				SDKROOT = auto;
				SUPPORTED_PLATFORMS = "iphoneos iphonesimulator macosx";
				SWIFT_EMIT_LOC_STRINGS = YES;
				SWIFT_VERSION = 5.0;
				TARGETED_DEVICE_FAMILY = "1,2";
			};
			name = Release;
		};
/* End XCBuildConfiguration section */

/* Begin XCConfigurationList section */
		E8F5310E2C4697BA0051D0D6 /* Build configuration list for PBXProject "MoneyMentor" */ = {
			isa = XCConfigurationList;
			buildConfigurations = (
				E8F531202C4697C10051D0D6 /* Debug */,
				E8F531212C4697C10051D0D6 /* Release */,
			);
			defaultConfigurationIsVisible = 0;
			defaultConfigurationName = Release;
		};
		E8F531222C4697C10051D0D6 /* Build configuration list for PBXNativeTarget "MoneyMentor" */ = {
			isa = XCConfigurationList;
			buildConfigurations = (
				E8F531232C4697C10051D0D6 /* Debug */,
				E8F531242C4697C10051D0D6 /* Release */,
			);
			defaultConfigurationIsVisible = 0;
			defaultConfigurationName = Release;
		};
/* End XCConfigurationList section */

/* Begin XCRemoteSwiftPackageReference section */
		E8F531272C46996B0051D0D6 /* XCRemoteSwiftPackageReference "firebase-ios-sdk" */ = {
			isa = XCRemoteSwiftPackageReference;
			repositoryURL = "https://github.com/firebase/firebase-ios-sdk";
			requirement = {
				kind = upToNextMajorVersion;
				minimumVersion = 10.29.0;
			};
		};
/* End XCRemoteSwiftPackageReference section */

/* Begin XCSwiftPackageProductDependency section */
		E8F531292C4699B50051D0D6 /* FirebaseFirestore */ = {
			isa = XCSwiftPackageProductDependency;
			package = E8F531272C46996B0051D0D6 /* XCRemoteSwiftPackageReference "firebase-ios-sdk" */;
			productName = FirebaseFirestore;
		};
		E8F5312B2C4699BF0051D0D6 /* FirebaseFirestoreSwift */ = {
			isa = XCSwiftPackageProductDependency;
			package = E8F531272C46996B0051D0D6 /* XCRemoteSwiftPackageReference "firebase-ios-sdk" */;
			productName = FirebaseFirestoreSwift;
		};
/* End XCSwiftPackageProductDependency section */
	};
	rootObject = E8F5310B2C4697BA0051D0D6 /* Project object */;
}
